
Microsoft Visual Studio Solution File, Format Version 12.00
# Visual Studio Version 16
VisualStudioVersion = 16.0.30503.244
MinimumVisualStudioVersion = 10.0.40219.1
Project("{FAE04EC0-301F-11D3-BF4B-00C04F79EFBC}") = "toys-and-games-store-api", "toys-and-games-store-api.csproj", "{744005B1-47C0-4917-8DD7-2A10946161D6}"
EndProject
Global
	GlobalSection(SolutionConfigurationPlatforms) = preSolution
		Debug|Any CPU = Debug|Any CPU
		Release|Any CPU = Release|Any CPU
	EndGlobalSection
	GlobalSection(ProjectConfigurationPlatforms) = postSolution
		{744005B1-47C0-4917-8DD7-2A10946161D6}.Debug|Any CPU.ActiveCfg = Debug|Any CPU
		{744005B1-47C0-4917-8DD7-2A10946161D6}.Debug|Any CPU.Build.0 = Debug|Any CPU
		{744005B1-47C0-4917-8DD7-2A10946161D6}.Release|Any CPU.ActiveCfg = Release|Any CPU
		{744005B1-47C0-4917-8DD7-2A10946161D6}.Release|Any CPU.Build.0 = Release|Any CPU
	EndGlobalSection
	GlobalSection(SolutionProperties) = preSolution
		HideSolutionNode = FALSE
	EndGlobalSection
	GlobalSection(ExtensibilityGlobals) = postSolution
		SolutionGuid = {32801118-EFD6-4F53-AF90-5AF8F860020F}
	EndGlobalSection
EndGlobal
